{
  "name": "a11y-ci-monorepo",
  "version": "0.1.0",
  "lockfileVersion": 3,
  "requires": true,
  "packages": {
    "": {
      "name": "a11y-ci-monorepo",
      "version": "0.1.0",
      "license": "SEE LICENSE IN LICENSE",
      "workspaces": [
        "packages/*"
      ],
      "devDependencies": {
        "@types/node": "^20.11.0",
        "husky": "^9.1.7",
        "typescript": "^5.4.0"
      },
      "engines": {
        "node": ">=18"
      }
    },
    "node_modules/@a11yci/cli": {
      "resolved": "packages/cli",
      "link": true
    },
    "node_modules/@a11yci/core": {
      "resolved": "packages/core",
      "link": true
    },
    "node_modules/@a11yci/diff": {
      "resolved": "packages/diff",
      "link": true
    },
    "node_modules/@a11yci/lint": {
      "resolved": "packages/lint",
      "link": true
    },
    "node_modules/@a11yci/llm": {
      "resolved": "packages/llm",
      "link": true
    },
    "node_modules/@types/node": {
      "version": "20.19.41",
      "resolved": "https://registry.npmjs.org/@types/node/-/node-20.19.41.tgz",
      "integrity": "sha512-ECymXOukMnOoVkC2bb1Vc/w/836DXncOg5m8Xj1RH7xSHZJWNYY6Zh7EH477vcnD5egKNNfy2RpNOmuChhFPgQ==",
      "dev": true,
      "license": "MIT",
      "dependencies": {
        "undici-types": "~6.21.0"
      }
    },
    "node_modules/axe-core": {
      "version": "4.12.0",
      "resolved": "https://registry.npmjs.org/axe-core/-/axe-core-4.12.0.tgz",
      "integrity": "sha512-FTavr/7Ba0IptwGOPxnQvdyW2tAsdLBMTBXz7rKH6xJ2skpyxpBxyHkDdBs4lf69yRqYpkqCdfhnwS8YULGOmg==",
      "license": "MPL-2.0",
      "engines": {
        "node": ">=4"
      }
    },
    "node_modules/entities": {
      "version": "6.0.1",
      "resolved": "https://registry.npmjs.org/entities/-/entities-6.0.1.tgz",
      "integrity": "sha512-aN97NXWF6AWBTahfVOIrB/NShkzi5H7F9r1s9mD3cDj4Ko5f2qhhVoYMibXF7GlLveb/D2ioWay8lxI97Ven3g==",
      "license": "BSD-2-Clause",
      "engines": {
        "node": ">=0.12"
      },
      "funding": {
        "url": "https://github.com/fb55/entities?sponsor=1"
      }
    },
    "node_modules/fsevents": {
      "version": "2.3.2",
      "resolved": "https://registry.npmjs.org/fsevents/-/fsevents-2.3.2.tgz",
      "integrity": "sha512-xiqMQR4xAeHTuB9uWm+fFRcIOgKBMiOBP+eXiyT7jsgVCq1bkVygt00oASowB7EdtpOHaaPgKt812P9ab+DDKA==",
      "hasInstallScript": true,
      "license": "MIT",
      "optional": true,
      "os": [
        "darwin"
      ],
      "engines": {
        "node": "^8.16.0 || ^10.6.0 || >=11.0.0"
      }
    },
    "node_modules/husky": {
      "version": "9.1.7",
      "resolved": "https://registry.npmjs.org/husky/-/husky-9.1.7.tgz",
      "integrity": "sha512-5gs5ytaNjBrh5Ow3zrvdUUY+0VxIuWVL4i9irt6friV+BqdCfmV11CQTWMiBYWHbXhco+J1kHfTOUkePhCDvMA==",
      "dev": true,
      "license": "MIT",
      "bin": {
        "husky": "bin.js"
      },
      "engines": {
        "node": ">=18"
      },
      "funding": {
        "url": "https://github.com/sponsors/typicode"
      }
    },
    "node_modules/parse5": {
      "version": "7.3.0",
      "resolved": "https://registry.npmjs.org/parse5/-/parse5-7.3.0.tgz",
      "integrity": "sha512-IInvU7fabl34qmi9gY8XOVxhYyMyuH2xUNpb2q8/Y+7552KlejkRvqvD19nMoUW/uQGGbqNpA6Tufu5FL5BZgw==",
      "license": "MIT",
      "dependencies": {
        "entities": "^6.0.0"
      },
      "funding": {
        "url": "https://github.com/inikulin/parse5?sponsor=1"
      }
    },
    "node_modules/playwright": {
      "version": "1.60.0",
      "resolved": "https://registry.npmjs.org/playwright/-/playwright-1.60.0.tgz",
      "integrity": "sha512-hheHdokM8cdqCb0lcE3s+zT4t4W+vvjpGxsZlDnikarzx8tSzMebh3UiFtgqwFwnTnjYQcsyMF8ei2mCO/tpeA==",
      "license": "Apache-2.0",
      "dependencies": {
        "playwright-core": "1.60.0"
      },
      "bin": {
        "playwright": "cli.js"
      },
      "engines": {
        "node": ">=18"
      },
      "optionalDependencies": {
        "fsevents": "2.3.2"
      }
    },
    "node_modules/playwright-core": {
      "version": "1.60.0",
      "resolved": "https://registry.npmjs.org/playwright-core/-/playwright-core-1.60.0.tgz",
      "integrity": "sha512-9bW6zvX/m0lEbgTKJ6YppOKx8H3VOPBMOCFh2irXFOT4BbHgrx5hPjwJYLT40Lu+4qtD36qKc/Hn56StUW57IA==",
      "license": "Apache-2.0",
      "bin": {
        "playwright-core": "cli.js"
      },
      "engines": {
        "node": ">=18"
      }
    },
    "node_modules/typescript": {
      "version": "5.9.3",
      "resolved": "https://registry.npmjs.org/typescript/-/typescript-5.9.3.tgz",
      "integrity": "sha512-jl1vZzPDinLr9eUt3J/t7V6FgNEw9QjvBPdysz9KfQDD41fQrC2Y4vKQdiaUpFT4bXlb1RHhLpp8wtm6M5TgSw==",
      "license": "Apache-2.0",
      "bin": {
        "tsc": "bin/tsc",
        "tsserver": "bin/tsserver"
      },
      "engines": {
        "node": ">=14.17"
      }
    },
    "node_modules/undici-types": {
      "version": "6.21.0",
      "resolved": "https://registry.npmjs.org/undici-types/-/undici-types-6.21.0.tgz",
      "integrity": "sha512-iwDZqg0QAGrg9Rav5H4n0M64c3mkR59cJ6wQp+7C4nI0gsmExaedaYLNO44eT4AtBBwjbTiGPMlt2Md0T9H9JQ==",
      "dev": true,
      "license": "MIT"
    },
    "packages/cli": {
      "name": "@a11yci/cli",
      "version": "0.3.0",
      "license": "SEE LICENSE IN LICENSE",
      "dependencies": {
        "@a11yci/core": "0.3.0",
        "@a11yci/diff": "0.3.0",
        "@a11yci/lint": "0.3.0",
        "@a11yci/llm": "0.3.0"
      },
      "bin": {
        "a11y-ci": "dist/bin/a11y-ci.js"
      }
    },
    "packages/core": {
      "name": "@a11yci/core",
      "version": "0.3.0",
      "license": "SEE LICENSE IN LICENSE",
      "dependencies": {
        "axe-core": "^4.10.0",
        "playwright": "^1.45.0"
      }
    },
    "packages/diff": {
      "name": "@a11yci/diff",
      "version": "0.3.0",
      "license": "SEE LICENSE IN LICENSE",
      "dependencies": {
        "@a11yci/core": "0.3.0"
      }
    },
    "packages/lint": {
      "name": "@a11yci/lint",
      "version": "0.3.0",
      "license": "SEE LICENSE IN LICENSE",
      "dependencies": {
        "parse5": "^7.1.2",
        "typescript": "^5.4.0"
      }
    },
    "packages/llm": {
      "name": "@a11yci/llm",
      "version": "0.3.0",
      "license": "SEE LICENSE IN LICENSE",
      "dependencies": {
        "@a11yci/core": "0.3.0"
      }
    }
  }
}
